
Microsoft Visual Studio Solution File, Format Version 12.00
# Visual Studio Version 17
VisualStudioVersion = 17.5.2.0
MinimumVisualStudioVersion = 10.0.40219.1
Project("{FAE04EC0-301F-11D3-BF4B-00C04F79EFBC}") = "TodoApi", "./Source/TodoApi.csproj", "{8E71EDA4-FE1C-2822-A6C9-812607CDF2E0}"
EndProject
Project("{FAE04EC0-301F-11D3-BF4B-00C04F79EFBC}") = "Tests", "Tests\Tests.csproj", "{1FA8A6B1-1FD2-4617-ADEA-33CC4AAE3D93}"
EndProject
Global
	GlobalSection(SolutionConfigurationPlatforms) = preSolution
		Debug|Any CPU = Debug|Any CPU
		Debug|x64 = Debug|x64
		Debug|x86 = Debug|x86
		Release|Any CPU = Release|Any CPU
		Release|x64 = Release|x64
		Release|x86 = Release|x86
	EndGlobalSection
	GlobalSection(ProjectConfigurationPlatforms) = postSolution
		{8E71EDA4-FE1C-2822-A6C9-812607CDF2E0}.Debug|Any CPU.ActiveCfg = Debug|Any CPU
		{8E71EDA4-FE1C-2822-A6C9-812607CDF2E0}.Debug|Any CPU.Build.0 = Debug|Any CPU
		{8E71EDA4-FE1C-2822-A6C9-812607CDF2E0}.Debug|x64.ActiveCfg = Debug|Any CPU
		{8E71EDA4-FE1C-2822-A6C9-812607CDF2E0}.Debug|x64.Build.0 = Debug|Any CPU
		{8E71EDA4-FE1C-2822-A6C9-812607CDF2E0}.Debug|x86.ActiveCfg = Debug|Any CPU
		{8E71EDA4-FE1C-2822-A6C9-812607CDF2E0}.Debug|x86.Build.0 = Debug|Any CPU
		{8E71EDA4-FE1C-2822-A6C9-812607CDF2E0}.Release|Any CPU.ActiveCfg = Release|Any CPU
		{8E71EDA4-FE1C-2822-A6C9-812607CDF2E0}.Release|Any CPU.Build.0 = Release|Any CPU
		{8E71EDA4-FE1C-2822-A6C9-812607CDF2E0}.Release|x64.ActiveCfg = Release|Any CPU
		{8E71EDA4-FE1C-2822-A6C9-812607CDF2E0}.Release|x64.Build.0 = Release|Any CPU
		{8E71EDA4-FE1C-2822-A6C9-812607CDF2E0}.Release|x86.ActiveCfg = Release|Any CPU
		{8E71EDA4-FE1C-2822-A6C9-812607CDF2E0}.Release|x86.Build.0 = Release|Any CPU
		{1FA8A6B1-1FD2-4617-ADEA-33CC4AAE3D93}.Debug|Any CPU.ActiveCfg = Debug|Any CPU
		{1FA8A6B1-1FD2-4617-ADEA-33CC4AAE3D93}.Debug|Any CPU.Build.0 = Debug|Any CPU
		{1FA8A6B1-1FD2-4617-ADEA-33CC4AAE3D93}.Debug|x64.ActiveCfg = Debug|Any CPU
		{1FA8A6B1-1FD2-4617-ADEA-33CC4AAE3D93}.Debug|x64.Build.0 = Debug|Any CPU
		{1FA8A6B1-1FD2-4617-ADEA-33CC4AAE3D93}.Debug|x86.ActiveCfg = Debug|Any CPU
		{1FA8A6B1-1FD2-4617-ADEA-33CC4AAE3D93}.Debug|x86.Build.0 = Debug|Any CPU
		{1FA8A6B1-1FD2-4617-ADEA-33CC4AAE3D93}.Release|Any CPU.ActiveCfg = Release|Any CPU
		{1FA8A6B1-1FD2-4617-ADEA-33CC4AAE3D93}.Release|Any CPU.Build.0 = Release|Any CPU
		{1FA8A6B1-1FD2-4617-ADEA-33CC4AAE3D93}.Release|x64.ActiveCfg = Release|Any CPU
		{1FA8A6B1-1FD2-4617-ADEA-33CC4AAE3D93}.Release|x64.Build.0 = Release|Any CPU
		{1FA8A6B1-1FD2-4617-ADEA-33CC4AAE3D93}.Release|x86.ActiveCfg = Release|Any CPU
		{1FA8A6B1-1FD2-4617-ADEA-33CC4AAE3D93}.Release|x86.Build.0 = Release|Any CPU
	EndGlobalSection
	GlobalSection(SolutionProperties) = preSolution
		HideSolutionNode = FALSE
	EndGlobalSection
	GlobalSection(ExtensibilityGlobals) = postSolution
		SolutionGuid = {E7B872C9-4220-456A-A1AC-D6D3E127AD5F}
	EndGlobalSection
EndGlobal
